
Microsoft Visual Studio Solution File, Format Version 12.00
# Visual Studio Version 17
VisualStudioVersion = 17.9.34723.18
MinimumVisualStudioVersion = 10.0.40219.1
Project("{FAE04EC0-301F-11D3-BF4B-00C04F79EFBC}") = "Examination System", "Examination System\Examination System.csproj", "{E57B4466-45DF-4B2E-8822-FD391102DE04}"
EndProject
Global
	GlobalSection(SolutionConfigurationPlatforms) = preSolution
		Debug|Any CPU = Debug|Any CPU
		Release|Any CPU = Release|Any CPU
	EndGlobalSection
	GlobalSection(ProjectConfigurationPlatforms) = postSolution
		{E57B4466-45DF-4B2E-8822-FD391102DE04}.Debug|Any CPU.ActiveCfg = Debug|Any CPU
		{E57B4466-45DF-4B2E-8822-FD391102DE04}.Debug|Any CPU.Build.0 = Debug|Any CPU
		{E57B4466-45DF-4B2E-8822-FD391102DE04}.Release|Any CPU.ActiveCfg = Release|Any CPU
		{E57B4466-45DF-4B2E-8822-FD391102DE04}.Release|Any CPU.Build.0 = Release|Any CPU
	EndGlobalSection
	GlobalSection(SolutionProperties) = preSolution
		HideSolutionNode = FALSE
	EndGlobalSection
	GlobalSection(ExtensibilityGlobals) = postSolution
		SolutionGuid = {A1033F27-403B-40CF-A4C0-0F00E3B0B464}
	EndGlobalSection
EndGlobal
